// !$*UTF8*$!
{
	archiveVersion = 1;
	classes = {
	};
	objectVersion = 77;
	objects = {

/* Begin PBXBuildFile section */
		FB34D8F42ED379AD009243D4 /* UnionFS-Helper in CopyFiles */ = {isa = PBXBuildFile; fileRef = FB34D8DD2ED376F5009243D4 /* UnionFS-Helper */; settings = {ATTRIBUTES = (CodeSignOnCopy, ); }; };
		FB34D8FB2ED37DA4009243D4 /* Constants.swift in Sources */ = {isa = PBXBuildFile; fileRef = FB34D8FA2ED37DA2009243D4 /* Constants.swift */; };
		FB34D8FC2ED37DA9009243D4 /* Constants.swift in Sources */ = {isa = PBXBuildFile; fileRef = FB34D8FA2ED37DA2009243D4 /* Constants.swift */; };
		FB34D8FD2ED37DA9009243D4 /* Constants.swift in Sources */ = {isa = PBXBuildFile; fileRef = FB34D8FA2ED37DA2009243D4 /* Constants.swift */; };
		FB723B3C2ED77E2B00E04C71 /* Command in Frameworks */ = {isa = PBXBuildFile; productRef = FB723B3B2ED77E2B00E04C71 /* Command */; };
		FBB2CF542ED223BD00A2413F /* unionfs.appex in Embed ExtensionKit Extensions */ = {isa = PBXBuildFile; fileRef = FBB2CF4A2ED223BD00A2413F /* unionfs.appex */; settings = {ATTRIBUTES = (RemoveHeadersOnCopy, ); }; };
		FBBE2A942ED342710004816C /* Semaphore in Frameworks */ = {isa = PBXBuildFile; productRef = FBBE2A932ED342710004816C /* Semaphore */; };
/* End PBXBuildFile section */

/* Begin PBXContainerItemProxy section */
		FB34D8F52ED379C0009243D4 /* PBXContainerItemProxy */ = {
			isa = PBXContainerItemProxy;
			containerPortal = FBB2CF302ED2238100A2413F /* Project object */;
			proxyType = 1;
			remoteGlobalIDString = FB34D8DC2ED376F5009243D4;
			remoteInfo = "UnionFS-Helper";
		};
		FB723B322ED6F5DC00E04C71 /* PBXContainerItemProxy */ = {
			isa = PBXContainerItemProxy;
			containerPortal = FBB2CF302ED2238100A2413F /* Project object */;
			proxyType = 1;
			remoteGlobalIDString = FBB2CF372ED2238100A2413F;
			remoteInfo = "FSKit-Unionfs";
		};
		FBB2CF522ED223BD00A2413F /* PBXContainerItemProxy */ = {
			isa = PBXContainerItemProxy;
			containerPortal = FBB2CF302ED2238100A2413F /* Project object */;
			proxyType = 1;
			remoteGlobalIDString = FBB2CF492ED223BD00A2413F;
			remoteInfo = "FSKit-Extension";
		};
/* End PBXContainerItemProxy section */

/* Begin PBXCopyFilesBuildPhase section */
		FB34D8DB2ED376F5009243D4 /* CopyFiles */ = {
			isa = PBXCopyFilesBuildPhase;
			buildActionMask = 2147483647;
			dstPath = /usr/share/man/man1/;
			dstSubfolderSpec = 0;
			files = (
			);
			runOnlyForDeploymentPostprocessing = 1;
		};
		FB34D8F02ED37989009243D4 /* CopyFiles */ = {
			isa = PBXCopyFilesBuildPhase;
			buildActionMask = 2147483647;
			dstPath = Contents/Library/LaunchDaemons;
			dstSubfolderSpec = 1;
			files = (
			);
			runOnlyForDeploymentPostprocessing = 0;
		};
		FB34D8F32ED379A2009243D4 /* CopyFiles */ = {
			isa = PBXCopyFilesBuildPhase;
			buildActionMask = 2147483647;
			dstPath = "";
			dstSubfolderSpec = 6;
			files = (
				FB34D8F42ED379AD009243D4 /* UnionFS-Helper in CopyFiles */,
			);
			runOnlyForDeploymentPostprocessing = 0;
		};
		FBB2CF592ED223BD00A2413F /* Embed ExtensionKit Extensions */ = {
			isa = PBXCopyFilesBuildPhase;
			buildActionMask = 2147483647;
			dstPath = "$(EXTENSIONS_FOLDER_PATH)";
			dstSubfolderSpec = 16;
			files = (
				FBB2CF542ED223BD00A2413F /* unionfs.appex in Embed ExtensionKit Extensions */,
			);
			name = "Embed ExtensionKit Extensions";
			runOnlyForDeploymentPostprocessing = 0;
		};
/* End PBXCopyFilesBuildPhase section */

/* Begin PBXFileReference section */
		FB34D8DD2ED376F5009243D4 /* UnionFS-Helper */ = {isa = PBXFileReference; explicitFileType = "compiled.mach-o.executable"; includeInIndex = 0; path = "UnionFS-Helper"; sourceTree = BUILT_PRODUCTS_DIR; };
		FB34D8FA2ED37DA2009243D4 /* Constants.swift */ = {isa = PBXFileReference; lastKnownFileType = sourcecode.swift; path = Constants.swift; sourceTree = "<group>"; };
		FB723B262ED6633700E04C71 /* Readme.md */ = {isa = PBXFileReference; lastKnownFileType = sourcecode.swift; path = Readme.md; sourceTree = "<group>"; };
		FB723B2E2ED6F5DC00E04C71 /* FSKit-UnionfsTests.xctest */ = {isa = PBXFileReference; explicitFileType = wrapper.cfbundle; includeInIndex = 0; path = "FSKit-UnionfsTests.xctest"; sourceTree = BUILT_PRODUCTS_DIR; };
		FBB2CF382ED2238100A2413F /* FSKit-Unionfs.app */ = {isa = PBXFileReference; explicitFileType = wrapper.application; includeInIndex = 0; path = "FSKit-Unionfs.app"; sourceTree = BUILT_PRODUCTS_DIR; };
		FBB2CF4A2ED223BD00A2413F /* unionfs.appex */ = {isa = PBXFileReference; explicitFileType = "wrapper.extensionkit-extension"; includeInIndex = 0; path = unionfs.appex; sourceTree = BUILT_PRODUCTS_DIR; };
/* End PBXFileReference section */

/* Begin PBXFileSystemSynchronizedBuildFileExceptionSet section */
		FB34D8EC2ED377CA009243D4 /* Exceptions for "UnionFS-Helper" folder in "unionfs" target */ = {
			isa = PBXFileSystemSynchronizedBuildFileExceptionSet;
			membershipExceptions = (
				HelperProtocol/HelperProtocol.swift,
				HelperProtocol/TransferableFileAttributes.swift,
				HelperProtocol/TransferableURLResourceValues.swift,
			);
			target = FBB2CF492ED223BD00A2413F /* unionfs */;
		};
		FBB2CF552ED223BD00A2413F /* Exceptions for "FSKit-Extension" folder in "unionfs" target */ = {
			isa = PBXFileSystemSynchronizedBuildFileExceptionSet;
			membershipExceptions = (
				Info.plist,
			);
			target = FBB2CF492ED223BD00A2413F /* unionfs */;
		};
/* End PBXFileSystemSynchronizedBuildFileExceptionSet section */

/* Begin PBXFileSystemSynchronizedGroupBuildPhaseMembershipExceptionSet section */
		FB34D8F22ED3799F009243D4 /* Exceptions for "UnionFS-Helper" folder in "Copy Files" phase from "FSKit-Unionfs" target */ = {
			isa = PBXFileSystemSynchronizedGroupBuildPhaseMembershipExceptionSet;
			buildPhase = FB34D8F02ED37989009243D4 /* CopyFiles */;
			membershipExceptions = (
				"io.noim.FSKit-Unionfs.helper.plist",
			);
		};
/* End PBXFileSystemSynchronizedGroupBuildPhaseMembershipExceptionSet section */

/* Begin PBXFileSystemSynchronizedRootGroup section */
		FB34D8DE2ED376F5009243D4 /* UnionFS-Helper */ = {
			isa = PBXFileSystemSynchronizedRootGroup;
			exceptions = (
				FB34D8F22ED3799F009243D4 /* Exceptions for "UnionFS-Helper" folder in "Copy Files" phase from "FSKit-Unionfs" target */,
				FB34D8EC2ED377CA009243D4 /* Exceptions for "UnionFS-Helper" folder in "unionfs" target */,
			);
			path = "UnionFS-Helper";
			sourceTree = "<group>";
		};
		FB723B2F2ED6F5DC00E04C71 /* FSKit-UnionfsTests */ = {
			isa = PBXFileSystemSynchronizedRootGroup;
			path = "FSKit-UnionfsTests";
			sourceTree = "<group>";
		};
		FBB2CF3A2ED2238100A2413F /* FSKit-Unionfs */ = {
			isa = PBXFileSystemSynchronizedRootGroup;
			path = "FSKit-Unionfs";
			sourceTree = "<group>";
		};
		FBB2CF4B2ED223BD00A2413F /* FSKit-Extension */ = {
			isa = PBXFileSystemSynchronizedRootGroup;
			exceptions = (
				FBB2CF552ED223BD00A2413F /* Exceptions for "FSKit-Extension" folder in "unionfs" target */,
			);
			path = "FSKit-Extension";
			sourceTree = "<group>";
		};
/* End PBXFileSystemSynchronizedRootGroup section */

/* Begin PBXFrameworksBuildPhase section */
		FB34D8DA2ED376F5009243D4 /* Frameworks */ = {
			isa = PBXFrameworksBuildPhase;
			buildActionMask = 2147483647;
			files = (
			);
			runOnlyForDeploymentPostprocessing = 0;
		};
		FB723B2B2ED6F5DC00E04C71 /* Frameworks */ = {
			isa = PBXFrameworksBuildPhase;
			buildActionMask = 2147483647;
			files = (
				FB723B3C2ED77E2B00E04C71 /* Command in Frameworks */,
			);
			runOnlyForDeploymentPostprocessing = 0;
		};
		FBB2CF352ED2238100A2413F /* Frameworks */ = {
			isa = PBXFrameworksBuildPhase;
			buildActionMask = 2147483647;
			files = (
			);
			runOnlyForDeploymentPostprocessing = 0;
		};
		FBB2CF472ED223BD00A2413F /* Frameworks */ = {
			isa = PBXFrameworksBuildPhase;
			buildActionMask = 2147483647;
			files = (
				FBBE2A942ED342710004816C /* Semaphore in Frameworks */,
			);
			runOnlyForDeploymentPostprocessing = 0;
		};
/* End PBXFrameworksBuildPhase section */

/* Begin PBXGroup section */
		FBB2CF2F2ED2238100A2413F = {
			isa = PBXGroup;
			children = (
				FB723B262ED6633700E04C71 /* Readme.md */,
				FB34D8FA2ED37DA2009243D4 /* Constants.swift */,
				FBB2CF3A2ED2238100A2413F /* FSKit-Unionfs */,
				FBB2CF4B2ED223BD00A2413F /* FSKit-Extension */,
				FB34D8DE2ED376F5009243D4 /* UnionFS-Helper */,
				FB723B2F2ED6F5DC00E04C71 /* FSKit-UnionfsTests */,
				FBBE2A8F2ED340D30004816C /* Frameworks */,
				FBB2CF392ED2238100A2413F /* Products */,
			);
			sourceTree = "<group>";
		};
		FBB2CF392ED2238100A2413F /* Products */ = {
			isa = PBXGroup;
			children = (
				FBB2CF382ED2238100A2413F /* FSKit-Unionfs.app */,
				FBB2CF4A2ED223BD00A2413F /* unionfs.appex */,
				FB34D8DD2ED376F5009243D4 /* UnionFS-Helper */,
				FB723B2E2ED6F5DC00E04C71 /* FSKit-UnionfsTests.xctest */,
			);
			name = Products;
			sourceTree = "<group>";
		};
		FBBE2A8F2ED340D30004816C /* Frameworks */ = {
			isa = PBXGroup;
			children = (
			);
			name = Frameworks;
			sourceTree = "<group>";
		};
/* End PBXGroup section */

/* Begin PBXNativeTarget section */
		FB34D8DC2ED376F5009243D4 /* UnionFS-Helper */ = {
			isa = PBXNativeTarget;
			buildConfigurationList = FB34D8E12ED376F5009243D4 /* Build configuration list for PBXNativeTarget "UnionFS-Helper" */;
			buildPhases = (
				FB34D8D92ED376F5009243D4 /* Sources */,
				FB34D8DA2ED376F5009243D4 /* Frameworks */,
				FB34D8DB2ED376F5009243D4 /* CopyFiles */,
			);
			buildRules = (
			);
			dependencies = (
			);
			fileSystemSynchronizedGroups = (
				FB34D8DE2ED376F5009243D4 /* UnionFS-Helper */,
			);
			name = "UnionFS-Helper";
			packageProductDependencies = (
			);
			productName = "UnionFS-Helper";
			productReference = FB34D8DD2ED376F5009243D4 /* UnionFS-Helper */;
			productType = "com.apple.product-type.tool";
		};
		FB723B2D2ED6F5DC00E04C71 /* FSKit-UnionfsTests */ = {
			isa = PBXNativeTarget;
			buildConfigurationList = FB723B342ED6F5DC00E04C71 /* Build configuration list for PBXNativeTarget "FSKit-UnionfsTests" */;
			buildPhases = (
				FB723B2A2ED6F5DC00E04C71 /* Sources */,
				FB723B2B2ED6F5DC00E04C71 /* Frameworks */,
				FB723B2C2ED6F5DC00E04C71 /* Resources */,
			);
			buildRules = (
			);
			dependencies = (
				FB723B332ED6F5DC00E04C71 /* PBXTargetDependency */,
			);
			fileSystemSynchronizedGroups = (
				FB723B2F2ED6F5DC00E04C71 /* FSKit-UnionfsTests */,
			);
			name = "FSKit-UnionfsTests";
			packageProductDependencies = (
				FB723B3B2ED77E2B00E04C71 /* Command */,
			);
			productName = "FSKit-UnionfsTests";
			productReference = FB723B2E2ED6F5DC00E04C71 /* FSKit-UnionfsTests.xctest */;
			productType = "com.apple.product-type.bundle.unit-test";
		};
		FBB2CF372ED2238100A2413F /* FSKit-Unionfs */ = {
			isa = PBXNativeTarget;
			buildConfigurationList = FBB2CF432ED2238200A2413F /* Build configuration list for PBXNativeTarget "FSKit-Unionfs" */;
			buildPhases = (
				FBB2CF342ED2238100A2413F /* Sources */,
				FBB2CF352ED2238100A2413F /* Frameworks */,
				FBB2CF362ED2238100A2413F /* Resources */,
				FBB2CF592ED223BD00A2413F /* Embed ExtensionKit Extensions */,
				FB34D8F32ED379A2009243D4 /* CopyFiles */,
				FB34D8F02ED37989009243D4 /* CopyFiles */,
			);
			buildRules = (
			);
			dependencies = (
				FB34D8F62ED379C0009243D4 /* PBXTargetDependency */,
				FBB2CF532ED223BD00A2413F /* PBXTargetDependency */,
			);
			fileSystemSynchronizedGroups = (
				FBB2CF3A2ED2238100A2413F /* FSKit-Unionfs */,
			);
			name = "FSKit-Unionfs";
			packageProductDependencies = (
			);
			productName = "FSKit-Unionfs";
			productReference = FBB2CF382ED2238100A2413F /* FSKit-Unionfs.app */;
			productType = "com.apple.product-type.application";
		};
		FBB2CF492ED223BD00A2413F /* unionfs */ = {
			isa = PBXNativeTarget;
			buildConfigurationList = FBB2CF562ED223BD00A2413F /* Build configuration list for PBXNativeTarget "unionfs" */;
			buildPhases = (
				FBB2CF462ED223BD00A2413F /* Sources */,
				FBB2CF472ED223BD00A2413F /* Frameworks */,
				FBB2CF482ED223BD00A2413F /* Resources */,
			);
			buildRules = (
			);
			dependencies = (
			);
			fileSystemSynchronizedGroups = (
				FBB2CF4B2ED223BD00A2413F /* FSKit-Extension */,
			);
			name = unionfs;
			packageProductDependencies = (
				FBBE2A932ED342710004816C /* Semaphore */,
			);
			productName = "FSKit-Extension";
			productReference = FBB2CF4A2ED223BD00A2413F /* unionfs.appex */;
			productType = "com.apple.product-type.extensionkit-extension";
		};
/* End PBXNativeTarget section */

/* Begin PBXProject section */
		FBB2CF302ED2238100A2413F /* Project object */ = {
			isa = PBXProject;
			attributes = {
				BuildIndependentTargetsInParallel = 1;
				LastSwiftUpdateCheck = 2610;
				LastUpgradeCheck = 2620;
				TargetAttributes = {
					FB34D8DC2ED376F5009243D4 = {
						CreatedOnToolsVersion = 26.2;
					};
					FB723B2D2ED6F5DC00E04C71 = {
						CreatedOnToolsVersion = 26.1.1;
						TestTargetID = FBB2CF372ED2238100A2413F;
					};
					FBB2CF372ED2238100A2413F = {
						CreatedOnToolsVersion = 26.1.1;
					};
					FBB2CF492ED223BD00A2413F = {
						CreatedOnToolsVersion = 26.1.1;
					};
				};
			};
			buildConfigurationList = FBB2CF332ED2238100A2413F /* Build configuration list for PBXProject "FSKit-Unionfs" */;
			developmentRegion = en;
			hasScannedForEncodings = 0;
			knownRegions = (
				en,
				Base,
			);
			mainGroup = FBB2CF2F2ED2238100A2413F;
			minimizedProjectReferenceProxies = 1;
			packageReferences = (
				FBBE2A922ED342710004816C /* XCRemoteSwiftPackageReference "Semaphore" */,
				FB723B3A2ED77E2B00E04C71 /* XCRemoteSwiftPackageReference "Command" */,
			);
			preferredProjectObjectVersion = 77;
			productRefGroup = FBB2CF392ED2238100A2413F /* Products */;
			projectDirPath = "";
			projectRoot = "";
			targets = (
				FBB2CF372ED2238100A2413F /* FSKit-Unionfs */,
				FBB2CF492ED223BD00A2413F /* unionfs */,
				FB34D8DC2ED376F5009243D4 /* UnionFS-Helper */,
				FB723B2D2ED6F5DC00E04C71 /* FSKit-UnionfsTests */,
			);
		};
/* End PBXProject section */

/* Begin PBXResourcesBuildPhase section */
		FB723B2C2ED6F5DC00E04C71 /* Resources */ = {
			isa = PBXResourcesBuildPhase;
			buildActionMask = 2147483647;
			files = (
			);
			runOnlyForDeploymentPostprocessing = 0;
		};
		FBB2CF362ED2238100A2413F /* Resources */ = {
			isa = PBXResourcesBuildPhase;
			buildActionMask = 2147483647;
			files = (
			);
			runOnlyForDeploymentPostprocessing = 0;
		};
		FBB2CF482ED223BD00A2413F /* Resources */ = {
			isa = PBXResourcesBuildPhase;
			buildActionMask = 2147483647;
			files = (
			);
			runOnlyForDeploymentPostprocessing = 0;
		};
/* End PBXResourcesBuildPhase section */

/* Begin PBXSourcesBuildPhase section */
		FB34D8D92ED376F5009243D4 /* Sources */ = {
			isa = PBXSourcesBuildPhase;
			buildActionMask = 2147483647;
			files = (
				FB34D8FD2ED37DA9009243D4 /* Constants.swift in Sources */,
			);
			runOnlyForDeploymentPostprocessing = 0;
		};
		FB723B2A2ED6F5DC00E04C71 /* Sources */ = {
			isa = PBXSourcesBuildPhase;
			buildActionMask = 2147483647;
			files = (
			);
			runOnlyForDeploymentPostprocessing = 0;
		};
		FBB2CF342ED2238100A2413F /* Sources */ = {
			isa = PBXSourcesBuildPhase;
			buildActionMask = 2147483647;
			files = (
				FB34D8FB2ED37DA4009243D4 /* Constants.swift in Sources */,
			);
			runOnlyForDeploymentPostprocessing = 0;
		};
		FBB2CF462ED223BD00A2413F /* Sources */ = {
			isa = PBXSourcesBuildPhase;
			buildActionMask = 2147483647;
			files = (
				FB34D8FC2ED37DA9009243D4 /* Constants.swift in Sources */,
			);
			runOnlyForDeploymentPostprocessing = 0;
		};
/* End PBXSourcesBuildPhase section */

/* Begin PBXTargetDependency section */
		FB34D8F62ED379C0009243D4 /* PBXTargetDependency */ = {
			isa = PBXTargetDependency;
			target = FB34D8DC2ED376F5009243D4 /* UnionFS-Helper */;
			targetProxy = FB34D8F52ED379C0009243D4 /* PBXContainerItemProxy */;
		};
		FB723B332ED6F5DC00E04C71 /* PBXTargetDependency */ = {
			isa = PBXTargetDependency;
			target = FBB2CF372ED2238100A2413F /* FSKit-Unionfs */;
			targetProxy = FB723B322ED6F5DC00E04C71 /* PBXContainerItemProxy */;
		};
		FBB2CF532ED223BD00A2413F /* PBXTargetDependency */ = {
			isa = PBXTargetDependency;
			target = FBB2CF492ED223BD00A2413F /* unionfs */;
			targetProxy = FBB2CF522ED223BD00A2413F /* PBXContainerItemProxy */;
		};
/* End PBXTargetDependency section */

/* Begin XCBuildConfiguration section */
		FB34D8E22ED376F5009243D4 /* Debug */ = {
			isa = XCBuildConfiguration;
			buildSettings = {
				CODE_SIGN_STYLE = Automatic;
				DEVELOPMENT_TEAM = P88CDRP8CR;
				ENABLE_HARDENED_RUNTIME = YES;
				PRODUCT_BUNDLE_IDENTIFIER = "io.noim.FSKit-Unionfs.helper";
				PRODUCT_NAME = "$(TARGET_NAME)";
				SWIFT_APPROACHABLE_CONCURRENCY = YES;
				SWIFT_UPCOMING_FEATURE_MEMBER_IMPORT_VISIBILITY = YES;
				SWIFT_VERSION = 5.0;
			};
			name = Debug;
		};
		FB34D8E32ED376F5009243D4 /* Release */ = {
			isa = XCBuildConfiguration;
			buildSettings = {
				CODE_SIGN_STYLE = Automatic;
				DEVELOPMENT_TEAM = P88CDRP8CR;
				ENABLE_HARDENED_RUNTIME = YES;
				PRODUCT_BUNDLE_IDENTIFIER = "io.noim.FSKit-Unionfs.helper";
				PRODUCT_NAME = "$(TARGET_NAME)";
				SWIFT_APPROACHABLE_CONCURRENCY = YES;
				SWIFT_UPCOMING_FEATURE_MEMBER_IMPORT_VISIBILITY = YES;
				SWIFT_VERSION = 5.0;
			};
			name = Release;
		};
		FB723B352ED6F5DC00E04C71 /* Debug */ = {
			isa = XCBuildConfiguration;
			buildSettings = {
				BUNDLE_LOADER = "$(TEST_HOST)";
				CODE_SIGN_STYLE = Automatic;
				CURRENT_PROJECT_VERSION = 1;
				DEVELOPMENT_TEAM = P88CDRP8CR;
				GENERATE_INFOPLIST_FILE = YES;
				MARKETING_VERSION = 1.0;
				PRODUCT_BUNDLE_IDENTIFIER = "io.noim.FSKit-UnionfsTests";
				PRODUCT_NAME = "$(TARGET_NAME)";
				STRING_CATALOG_GENERATE_SYMBOLS = NO;
				SWIFT_APPROACHABLE_CONCURRENCY = YES;
				SWIFT_EMIT_LOC_STRINGS = NO;
				SWIFT_UPCOMING_FEATURE_MEMBER_IMPORT_VISIBILITY = YES;
				SWIFT_VERSION = 5.0;
				TEST_HOST = "$(BUILT_PRODUCTS_DIR)/FSKit-Unionfs.app/$(BUNDLE_EXECUTABLE_FOLDER_PATH)/FSKit-Unionfs";
			};
			name = Debug;
		};
		FB723B362ED6F5DC00E04C71 /* Release */ = {
			isa = XCBuildConfiguration;
			buildSettings = {
				BUNDLE_LOADER = "$(TEST_HOST)";
				CODE_SIGN_STYLE = Automatic;
				CURRENT_PROJECT_VERSION = 1;
				DEVELOPMENT_TEAM = P88CDRP8CR;
				GENERATE_INFOPLIST_FILE = YES;
				MARKETING_VERSION = 1.0;
				PRODUCT_BUNDLE_IDENTIFIER = "io.noim.FSKit-UnionfsTests";
				PRODUCT_NAME = "$(TARGET_NAME)";
				STRING_CATALOG_GENERATE_SYMBOLS = NO;
				SWIFT_APPROACHABLE_CONCURRENCY = YES;
				SWIFT_EMIT_LOC_STRINGS = NO;
				SWIFT_UPCOMING_FEATURE_MEMBER_IMPORT_VISIBILITY = YES;
				SWIFT_VERSION = 5.0;
				TEST_HOST = "$(BUILT_PRODUCTS_DIR)/FSKit-Unionfs.app/$(BUNDLE_EXECUTABLE_FOLDER_PATH)/FSKit-Unionfs";
			};
			name = Release;
		};
		FBB2CF412ED2238200A2413F /* Debug */ = {
			isa = XCBuildConfiguration;
			baseConfigurationReferenceAnchor = FBB2CF3A2ED2238100A2413F /* FSKit-Unionfs */;
			baseConfigurationReferenceRelativePath = BuildNumber.xcconfig;
			buildSettings = {
				ALWAYS_SEARCH_USER_PATHS = NO;
				ASSETCATALOG_COMPILER_GENERATE_SWIFT_ASSET_SYMBOL_EXTENSIONS = YES;
				CLANG_ANALYZER_NONNULL = YES;
				CLANG_ANALYZER_NUMBER_OBJECT_CONVERSION = YES_AGGRESSIVE;
				CLANG_CXX_LANGUAGE_STANDARD = "gnu++20";
				CLANG_ENABLE_MODULES = YES;
				CLANG_ENABLE_OBJC_ARC = YES;
				CLANG_ENABLE_OBJC_WEAK = YES;
				CLANG_WARN_BLOCK_CAPTURE_AUTORELEASING = YES;
				CLANG_WARN_BOOL_CONVERSION = YES;
				CLANG_WARN_COMMA = YES;
				CLANG_WARN_CONSTANT_CONVERSION = YES;
				CLANG_WARN_DEPRECATED_OBJC_IMPLEMENTATIONS = YES;
				CLANG_WARN_DIRECT_OBJC_ISA_USAGE = YES_ERROR;
				CLANG_WARN_DOCUMENTATION_COMMENTS = YES;
				CLANG_WARN_EMPTY_BODY = YES;
				CLANG_WARN_ENUM_CONVERSION = YES;
				CLANG_WARN_INFINITE_RECURSION = YES;
				CLANG_WARN_INT_CONVERSION = YES;
				CLANG_WARN_NON_LITERAL_NULL_CONVERSION = YES;
				CLANG_WARN_OBJC_IMPLICIT_RETAIN_SELF = YES;
				CLANG_WARN_OBJC_LITERAL_CONVERSION = YES;
				CLANG_WARN_OBJC_ROOT_CLASS = YES_ERROR;
				CLANG_WARN_QUOTED_INCLUDE_IN_FRAMEWORK_HEADER = YES;
				CLANG_WARN_RANGE_LOOP_ANALYSIS = YES;
				CLANG_WARN_STRICT_PROTOTYPES = YES;
				CLANG_WARN_SUSPICIOUS_MOVE = YES;
				CLANG_WARN_UNGUARDED_AVAILABILITY = YES_AGGRESSIVE;
				CLANG_WARN_UNREACHABLE_CODE = YES;
				CLANG_WARN__DUPLICATE_METHOD_MATCH = YES;
				COPY_PHASE_STRIP = NO;
				DEAD_CODE_STRIPPING = YES;
				DEBUG_INFORMATION_FORMAT = dwarf;
				DEVELOPMENT_TEAM = P88CDRP8CR;
				ENABLE_STRICT_OBJC_MSGSEND = YES;
				ENABLE_TESTABILITY = YES;
				ENABLE_USER_SCRIPT_SANDBOXING = YES;
				GCC_C_LANGUAGE_STANDARD = gnu17;
				GCC_DYNAMIC_NO_PIC = NO;
				GCC_NO_COMMON_BLOCKS = YES;
				GCC_OPTIMIZATION_LEVEL = 0;
				GCC_PREPROCESSOR_DEFINITIONS = (
					"DEBUG=1",
					"$(inherited)",
				);
				GCC_WARN_64_TO_32_BIT_CONVERSION = YES;
				GCC_WARN_ABOUT_RETURN_TYPE = YES_ERROR;
				GCC_WARN_UNDECLARED_SELECTOR = YES;
				GCC_WARN_UNINITIALIZED_AUTOS = YES_AGGRESSIVE;
				GCC_WARN_UNUSED_FUNCTION = YES;
				GCC_WARN_UNUSED_VARIABLE = YES;
				LOCALIZATION_PREFERS_STRING_CATALOGS = YES;
				MACOSX_DEPLOYMENT_TARGET = 26.1;
				MTL_ENABLE_DEBUG_INFO = INCLUDE_SOURCE;
				MTL_FAST_MATH = YES;
				ONLY_ACTIVE_ARCH = YES;
				SDKROOT = macosx;
				STRING_CATALOG_GENERATE_SYMBOLS = YES;
				SWIFT_ACTIVE_COMPILATION_CONDITIONS = "DEBUG $(inherited)";
				SWIFT_OPTIMIZATION_LEVEL = "-Onone";
			};
			name = Debug;
		};
		FBB2CF422ED2238200A2413F /* Release */ = {
			isa = XCBuildConfiguration;
			baseConfigurationReferenceAnchor = FBB2CF3A2ED2238100A2413F /* FSKit-Unionfs */;
			baseConfigurationReferenceRelativePath = BuildNumber.xcconfig;
			buildSettings = {
				ALWAYS_SEARCH_USER_PATHS = NO;
				ASSETCATALOG_COMPILER_GENERATE_SWIFT_ASSET_SYMBOL_EXTENSIONS = YES;
				CLANG_ANALYZER_NONNULL = YES;
				CLANG_ANALYZER_NUMBER_OBJECT_CONVERSION = YES_AGGRESSIVE;
				CLANG_CXX_LANGUAGE_STANDARD = "gnu++20";
				CLANG_ENABLE_MODULES = YES;
				CLANG_ENABLE_OBJC_ARC = YES;
				CLANG_ENABLE_OBJC_WEAK = YES;
				CLANG_WARN_BLOCK_CAPTURE_AUTORELEASING = YES;
				CLANG_WARN_BOOL_CONVERSION = YES;
				CLANG_WARN_COMMA = YES;
				CLANG_WARN_CONSTANT_CONVERSION = YES;
				CLANG_WARN_DEPRECATED_OBJC_IMPLEMENTATIONS = YES;
				CLANG_WARN_DIRECT_OBJC_ISA_USAGE = YES_ERROR;
				CLANG_WARN_DOCUMENTATION_COMMENTS = YES;
				CLANG_WARN_EMPTY_BODY = YES;
				CLANG_WARN_ENUM_CONVERSION = YES;
				CLANG_WARN_INFINITE_RECURSION = YES;
				CLANG_WARN_INT_CONVERSION = YES;
				CLANG_WARN_NON_LITERAL_NULL_CONVERSION = YES;
				CLANG_WARN_OBJC_IMPLICIT_RETAIN_SELF = YES;
				CLANG_WARN_OBJC_LITERAL_CONVERSION = YES;
				CLANG_WARN_OBJC_ROOT_CLASS = YES_ERROR;
				CLANG_WARN_QUOTED_INCLUDE_IN_FRAMEWORK_HEADER = YES;
				CLANG_WARN_RANGE_LOOP_ANALYSIS = YES;
				CLANG_WARN_STRICT_PROTOTYPES = YES;
				CLANG_WARN_SUSPICIOUS_MOVE = YES;
				CLANG_WARN_UNGUARDED_AVAILABILITY = YES_AGGRESSIVE;
				CLANG_WARN_UNREACHABLE_CODE = YES;
				CLANG_WARN__DUPLICATE_METHOD_MATCH = YES;
				COPY_PHASE_STRIP = NO;
				DEAD_CODE_STRIPPING = YES;
				DEBUG_INFORMATION_FORMAT = "dwarf-with-dsym";
				DEVELOPMENT_TEAM = P88CDRP8CR;
				ENABLE_NS_ASSERTIONS = NO;
				ENABLE_STRICT_OBJC_MSGSEND = YES;
				ENABLE_USER_SCRIPT_SANDBOXING = YES;
				GCC_C_LANGUAGE_STANDARD = gnu17;
				GCC_NO_COMMON_BLOCKS = YES;
				GCC_WARN_64_TO_32_BIT_CONVERSION = YES;
				GCC_WARN_ABOUT_RETURN_TYPE = YES_ERROR;
				GCC_WARN_UNDECLARED_SELECTOR = YES;
				GCC_WARN_UNINITIALIZED_AUTOS = YES_AGGRESSIVE;
				GCC_WARN_UNUSED_FUNCTION = YES;
				GCC_WARN_UNUSED_VARIABLE = YES;
				LOCALIZATION_PREFERS_STRING_CATALOGS = YES;
				MACOSX_DEPLOYMENT_TARGET = 26.1;
				MTL_ENABLE_DEBUG_INFO = NO;
				MTL_FAST_MATH = YES;
				SDKROOT = macosx;
				STRING_CATALOG_GENERATE_SYMBOLS = YES;
				SWIFT_COMPILATION_MODE = wholemodule;
			};
			name = Release;
		};
		FBB2CF442ED2238200A2413F /* Debug */ = {
			isa = XCBuildConfiguration;
			buildSettings = {
				ASSETCATALOG_COMPILER_APPICON_NAME = AppIcon;
				ASSETCATALOG_COMPILER_GLOBAL_ACCENT_COLOR_NAME = AccentColor;
				CODE_SIGN_STYLE = Automatic;
				COMBINE_HIDPI_IMAGES = YES;
				CURRENT_PROJECT_VERSION = "$(CURRENT_PROJECT_VERSION)";
				DEAD_CODE_STRIPPING = YES;
				DEVELOPMENT_TEAM = P88CDRP8CR;
				ENABLE_APP_SANDBOX = NO;
				ENABLE_HARDENED_RUNTIME = YES;
				ENABLE_PREVIEWS = YES;
				GENERATE_INFOPLIST_FILE = YES;
				INFOPLIST_KEY_NSHumanReadableCopyright = "";
				LD_RUNPATH_SEARCH_PATHS = (
					"$(inherited)",
					"@executable_path/../Frameworks",
				);
				MARKETING_VERSION = 1.0;
				PRODUCT_BUNDLE_IDENTIFIER = "io.noim.FSKit-Unionfs";
				PRODUCT_NAME = "$(TARGET_NAME)";
				REGISTER_APP_GROUPS = YES;
				STRING_CATALOG_GENERATE_SYMBOLS = YES;
				SWIFT_APPROACHABLE_CONCURRENCY = YES;
				SWIFT_DEFAULT_ACTOR_ISOLATION = MainActor;
				SWIFT_EMIT_LOC_STRINGS = YES;
				SWIFT_UPCOMING_FEATURE_MEMBER_IMPORT_VISIBILITY = YES;
				SWIFT_VERSION = 5.0;
			};
			name = Debug;
		};
		FBB2CF452ED2238200A2413F /* Release */ = {
			isa = XCBuildConfiguration;
			buildSettings = {
				ASSETCATALOG_COMPILER_APPICON_NAME = AppIcon;
				ASSETCATALOG_COMPILER_GLOBAL_ACCENT_COLOR_NAME = AccentColor;
				CODE_SIGN_STYLE = Automatic;
				COMBINE_HIDPI_IMAGES = YES;
				CURRENT_PROJECT_VERSION = "$(CURRENT_PROJECT_VERSION)";
				DEAD_CODE_STRIPPING = YES;
				DEVELOPMENT_TEAM = P88CDRP8CR;
				ENABLE_APP_SANDBOX = NO;
				ENABLE_HARDENED_RUNTIME = YES;
				ENABLE_PREVIEWS = YES;
				GENERATE_INFOPLIST_FILE = YES;
				INFOPLIST_KEY_NSHumanReadableCopyright = "";
				LD_RUNPATH_SEARCH_PATHS = (
					"$(inherited)",
					"@executable_path/../Frameworks",
				);
				MARKETING_VERSION = 1.0;
				PRODUCT_BUNDLE_IDENTIFIER = "io.noim.FSKit-Unionfs";
				PRODUCT_NAME = "$(TARGET_NAME)";
				REGISTER_APP_GROUPS = YES;
				STRING_CATALOG_GENERATE_SYMBOLS = YES;
				SWIFT_APPROACHABLE_CONCURRENCY = YES;
				SWIFT_DEFAULT_ACTOR_ISOLATION = MainActor;
				SWIFT_EMIT_LOC_STRINGS = YES;
				SWIFT_UPCOMING_FEATURE_MEMBER_IMPORT_VISIBILITY = YES;
				SWIFT_VERSION = 5.0;
			};
			name = Release;
		};
		FBB2CF572ED223BD00A2413F /* Debug */ = {
			isa = XCBuildConfiguration;
			buildSettings = {
				CODE_SIGN_ENTITLEMENTS = "FSKit-Extension/FSKit_Extension.entitlements";
				"CODE_SIGN_IDENTITY[sdk=macosx*]" = "Mac Developer";
				CODE_SIGN_STYLE = Manual;
				CURRENT_PROJECT_VERSION = "$(CURRENT_PROJECT_VERSION)";
				DEAD_CODE_STRIPPING = YES;
				DEVELOPMENT_TEAM = "";
				"DEVELOPMENT_TEAM[sdk=macosx*]" = P88CDRP8CR;
				ENABLE_APP_SANDBOX = YES;
				ENABLE_HARDENED_RUNTIME = YES;
				ENABLE_INCOMING_NETWORK_CONNECTIONS = NO;
				ENABLE_OUTGOING_NETWORK_CONNECTIONS = NO;
				ENABLE_RESOURCE_ACCESS_AUDIO_INPUT = NO;
				ENABLE_RESOURCE_ACCESS_BLUETOOTH = NO;
				ENABLE_RESOURCE_ACCESS_CALENDARS = NO;
				ENABLE_RESOURCE_ACCESS_CAMERA = NO;
				ENABLE_RESOURCE_ACCESS_CONTACTS = NO;
				ENABLE_RESOURCE_ACCESS_LOCATION = NO;
				ENABLE_RESOURCE_ACCESS_PRINTING = NO;
				ENABLE_RESOURCE_ACCESS_USB = NO;
				GENERATE_INFOPLIST_FILE = YES;
				INFOPLIST_FILE = "FSKit-Extension/Info.plist";
				INFOPLIST_KEY_CFBundleDisplayName = Unionfs;
				INFOPLIST_KEY_NSHumanReadableCopyright = "";
				LD_RUNPATH_SEARCH_PATHS = (
					"$(inherited)",
					"@executable_path/../Frameworks",
					"@executable_path/../../../../Frameworks",
				);
				MACOSX_DEPLOYMENT_TARGET = 26.1;
				MARKETING_VERSION = 1.0;
				PRODUCT_BUNDLE_IDENTIFIER = "io.noim.FSKit-Unionfs.FSKit-Extension";
				PRODUCT_NAME = "$(TARGET_NAME)";
				PROVISIONING_PROFILE_SPECIFIER = "";
				"PROVISIONING_PROFILE_SPECIFIER[sdk=macosx*]" = "FSKit Unionfs";
				SKIP_INSTALL = YES;
				STRING_CATALOG_GENERATE_SYMBOLS = YES;
				SWIFT_APPROACHABLE_CONCURRENCY = YES;
				SWIFT_EMIT_LOC_STRINGS = YES;
				SWIFT_UPCOMING_FEATURE_MEMBER_IMPORT_VISIBILITY = YES;
				SWIFT_VERSION = 5.0;
			};
			name = Debug;
		};
		FBB2CF582ED223BD00A2413F /* Release */ = {
			isa = XCBuildConfiguration;
			buildSettings = {
				CODE_SIGN_ENTITLEMENTS = "FSKit-Extension/FSKit_Extension.entitlements";
				"CODE_SIGN_IDENTITY[sdk=macosx*]" = "Mac Developer";
				CODE_SIGN_STYLE = Manual;
				CURRENT_PROJECT_VERSION = "$(CURRENT_PROJECT_VERSION)";
				DEAD_CODE_STRIPPING = YES;
				DEVELOPMENT_TEAM = "";
				"DEVELOPMENT_TEAM[sdk=macosx*]" = P88CDRP8CR;
				ENABLE_APP_SANDBOX = YES;
				ENABLE_HARDENED_RUNTIME = YES;
				ENABLE_INCOMING_NETWORK_CONNECTIONS = NO;
				ENABLE_OUTGOING_NETWORK_CONNECTIONS = NO;
				ENABLE_RESOURCE_ACCESS_AUDIO_INPUT = NO;
				ENABLE_RESOURCE_ACCESS_BLUETOOTH = NO;
				ENABLE_RESOURCE_ACCESS_CALENDARS = NO;
				ENABLE_RESOURCE_ACCESS_CAMERA = NO;
				ENABLE_RESOURCE_ACCESS_CONTACTS = NO;
				ENABLE_RESOURCE_ACCESS_LOCATION = NO;
				ENABLE_RESOURCE_ACCESS_PRINTING = NO;
				ENABLE_RESOURCE_ACCESS_USB = NO;
				GENERATE_INFOPLIST_FILE = YES;
				INFOPLIST_FILE = "FSKit-Extension/Info.plist";
				INFOPLIST_KEY_CFBundleDisplayName = Unionfs;
				INFOPLIST_KEY_NSHumanReadableCopyright = "";
				LD_RUNPATH_SEARCH_PATHS = (
					"$(inherited)",
					"@executable_path/../Frameworks",
					"@executable_path/../../../../Frameworks",
				);
				MACOSX_DEPLOYMENT_TARGET = 26.1;
				MARKETING_VERSION = 1.0;
				PRODUCT_BUNDLE_IDENTIFIER = "io.noim.FSKit-Unionfs.FSKit-Extension";
				PRODUCT_NAME = "$(TARGET_NAME)";
				PROVISIONING_PROFILE_SPECIFIER = "";
				"PROVISIONING_PROFILE_SPECIFIER[sdk=macosx*]" = "FSKit Unionfs";
				SKIP_INSTALL = YES;
				STRING_CATALOG_GENERATE_SYMBOLS = YES;
				SWIFT_APPROACHABLE_CONCURRENCY = YES;
				SWIFT_EMIT_LOC_STRINGS = YES;
				SWIFT_UPCOMING_FEATURE_MEMBER_IMPORT_VISIBILITY = YES;
				SWIFT_VERSION = 5.0;
			};
			name = Release;
		};
/* End XCBuildConfiguration section */

/* Begin XCConfigurationList section */
		FB34D8E12ED376F5009243D4 /* Build configuration list for PBXNativeTarget "UnionFS-Helper" */ = {
			isa = XCConfigurationList;
			buildConfigurations = (
				FB34D8E22ED376F5009243D4 /* Debug */,
				FB34D8E32ED376F5009243D4 /* Release */,
			);
			defaultConfigurationIsVisible = 0;
			defaultConfigurationName = Release;
		};
		FB723B342ED6F5DC00E04C71 /* Build configuration list for PBXNativeTarget "FSKit-UnionfsTests" */ = {
			isa = XCConfigurationList;
			buildConfigurations = (
				FB723B352ED6F5DC00E04C71 /* Debug */,
				FB723B362ED6F5DC00E04C71 /* Release */,
			);
			defaultConfigurationIsVisible = 0;
			defaultConfigurationName = Release;
		};
		FBB2CF332ED2238100A2413F /* Build configuration list for PBXProject "FSKit-Unionfs" */ = {
			isa = XCConfigurationList;
			buildConfigurations = (
				FBB2CF412ED2238200A2413F /* Debug */,
				FBB2CF422ED2238200A2413F /* Release */,
			);
			defaultConfigurationIsVisible = 0;
			defaultConfigurationName = Release;
		};
		FBB2CF432ED2238200A2413F /* Build configuration list for PBXNativeTarget "FSKit-Unionfs" */ = {
			isa = XCConfigurationList;
			buildConfigurations = (
				FBB2CF442ED2238200A2413F /* Debug */,
				FBB2CF452ED2238200A2413F /* Release */,
			);
			defaultConfigurationIsVisible = 0;
			defaultConfigurationName = Release;
		};
		FBB2CF562ED223BD00A2413F /* Build configuration list for PBXNativeTarget "unionfs" */ = {
			isa = XCConfigurationList;
			buildConfigurations = (
				FBB2CF572ED223BD00A2413F /* Debug */,
				FBB2CF582ED223BD00A2413F /* Release */,
			);
			defaultConfigurationIsVisible = 0;
			defaultConfigurationName = Release;
		};
/* End XCConfigurationList section */

/* Begin XCRemoteSwiftPackageReference section */
		FB723B3A2ED77E2B00E04C71 /* XCRemoteSwiftPackageReference "Command" */ = {
			isa = XCRemoteSwiftPackageReference;
			repositoryURL = "https://github.com/tuist/Command.git";
			requirement = {
				kind = upToNextMajorVersion;
				minimumVersion = 0.13.0;
			};
		};
		FBBE2A922ED342710004816C /* XCRemoteSwiftPackageReference "Semaphore" */ = {
			isa = XCRemoteSwiftPackageReference;
			repositoryURL = "https://github.com/groue/Semaphore";
			requirement = {
				kind = upToNextMajorVersion;
				minimumVersion = 0.1.0;
			};
		};
/* End XCRemoteSwiftPackageReference section */

/* Begin XCSwiftPackageProductDependency section */
		FB723B3B2ED77E2B00E04C71 /* Command */ = {
			isa = XCSwiftPackageProductDependency;
			package = FB723B3A2ED77E2B00E04C71 /* XCRemoteSwiftPackageReference "Command" */;
			productName = Command;
		};
		FBBE2A932ED342710004816C /* Semaphore */ = {
			isa = XCSwiftPackageProductDependency;
			package = FBBE2A922ED342710004816C /* XCRemoteSwiftPackageReference "Semaphore" */;
			productName = Semaphore;
		};
/* End XCSwiftPackageProductDependency section */
	};
	rootObject = FBB2CF302ED2238100A2413F /* Project object */;
}
